# This file is autogenerated, do not edit; changes may be undone by the next 'dep ensure'.


[[projects]]
  branch = "master"
  name = "github.com/jroimartin/gocui"
  packages = ["."]
  revision = "4f518eddb04b8f73870836b6d1941e8aa3c06637"
  source = "github.com/jroimartin/gocui"

[[projects]]
  name = "github.com/mattn/go-runewidth"
  packages = ["."]
  revision = "9e777a8366cce605130a531d2cd6363d07ad7317"
  version = "v0.0.2"

[[projects]]
  branch = "master"
  name = "github.com/nsf/termbox-go"
  packages = ["."]
  revision = "aa4a75b1c20a2b03751b1a9f7e41d58bd6f71c43"

[solve-meta]
  analyzer-name = "dep"
  analyzer-version = 1
  inputs-digest = "2738b88c95c21effb526f994386bde46b5c6438e49601a1fe0b1832a432f5795"
  solver-name = "gps-cdcl"
  solver-version = 1
